{
  "projects": [
    {
      "projectId": "t5hn1zAmdmxJoKmkXG4dPV",
      "version": "latest",
      "dependencies": {},
      "lang": "ts",
      "fileLocks": [
        {
          "type": "globalVariant",
          "assetId": "qZB5tz3bAQ8Z",
          "checksum": "fee4e95335142f3bf8f82aafe737cbde"
        },
        {
          "type": "renderModule",
          "assetId": "qpi3-pwEc1RY",
          "checksum": "9828a7442b67ea82b2b3c250854fb635"
        },
        {
          "type": "cssRules",
          "assetId": "qpi3-pwEc1RY",
          "checksum": "9828a7442b67ea82b2b3c250854fb635"
        },
        {
          "type": "renderModule",
          "assetId": "436mCM297ORO",
          "checksum": "262da4bf7c112e6f4f9e06f2063d2190"
        },
        {
          "type": "cssRules",
          "assetId": "436mCM297ORO",
          "checksum": "262da4bf7c112e6f4f9e06f2063d2190"
        },
        {
          "type": "icon",
          "assetId": "fSpcTu7bo9ev",
          "checksum": "a583c2d84fc00f7b12bb543f513a5960"
        },
        {
          "type": "icon",
          "assetId": "2U5GOquf_LPw",
          "checksum": "b357ad62276b8ca99b5b9d18417eb949"
        },
        {
          "type": "image",
          "assetId": "8KOIxfbA8EX7",
          "checksum": "ceb1ad529590e0587aa9964a927e8529"
        },
        {
          "type": "image",
          "assetId": "H6ywnRQWhDue",
          "checksum": "69ab02ff453c7dd77689a862f61b38b2"
        },
        {
          "assetId": "t5hn1zAmdmxJoKmkXG4dPV",
          "type": "projectCss",
          "checksum": "0280f98c0c009620f8037c91fb75486d"
        }
      ],
      "codegenVersion": "0.0.1"
    }
  ],
  "cliVersion": "0.1.331"
}
