{
  "projects": [
    {
      "projectId": "t5hn1zAmdmxJoKmkXG4dPV",
      "version": "latest",
      "dependencies": {
        "q8iq2J191QypeBqVSHzb6M": "0.6.0",
        "caTPwKxj5ZrD9LQ7DMdK4Z": "3.37.0"
      },
      "lang": "ts",
      "fileLocks": [
        {
          "type": "globalVariant",
          "assetId": "qZB5tz3bAQ8Z",
          "checksum": "fee4e95335142f3bf8f82aafe737cbde"
        },
        {
          "type": "renderModule",
          "assetId": "qpi3-pwEc1RY",
          "checksum": "9473dc8102aaa1294d99bce3834672d1"
        },
        {
          "type": "cssRules",
          "assetId": "qpi3-pwEc1RY",
          "checksum": "9473dc8102aaa1294d99bce3834672d1"
        },
        {
          "type": "renderModule",
          "assetId": "436mCM297ORO",
          "checksum": "794e48d7d372e0079ffee21a1d8947e7"
        },
        {
          "type": "cssRules",
          "assetId": "436mCM297ORO",
          "checksum": "794e48d7d372e0079ffee21a1d8947e7"
        },
        {
          "type": "icon",
          "assetId": "fSpcTu7bo9ev",
          "checksum": "92e2681b7f06fc65e73fa0953e0f9e79"
        },
        {
          "type": "icon",
          "assetId": "2U5GOquf_LPw",
          "checksum": "b357ad62276b8ca99b5b9d18417eb949"
        },
        {
          "type": "image",
          "assetId": "8KOIxfbA8EX7",
          "checksum": "ceb1ad529590e0587aa9964a927e8529"
        },
        {
          "type": "image",
          "assetId": "H6ywnRQWhDue",
          "checksum": "69ab02ff453c7dd77689a862f61b38b2"
        },
        {
          "type": "renderModule",
          "assetId": "4a8DjtM_KrIy",
          "checksum": "956de7dee1f5583235c095f43e983d47"
        },
        {
          "type": "cssRules",
          "assetId": "4a8DjtM_KrIy",
          "checksum": "956de7dee1f5583235c095f43e983d47"
        },
        {
          "type": "image",
          "assetId": "mUIFouvDwTEr",
          "checksum": "6d07127f29a5eee22d78ec61c9442106"
        },
        {
          "type": "image",
          "assetId": "Hkyg_rH2lNhp",
          "checksum": "7cadf234a810ee003adf0cd6ef1e915c"
        },
        {
          "type": "image",
          "assetId": "LLMQv6BB-z2B",
          "checksum": "334d0a861b274421733dfc85d513ea11"
        },
        {
          "type": "image",
          "assetId": "-znTfwjizlwM",
          "checksum": "371d04a3b274a64b273856d679b0e92b"
        },
        {
          "type": "renderModule",
          "assetId": "rd8xUc-BnZoZ",
          "checksum": "2d8b075ca9e11653513d1848c13c3446"
        },
        {
          "type": "cssRules",
          "assetId": "rd8xUc-BnZoZ",
          "checksum": "2d8b075ca9e11653513d1848c13c3446"
        },
        {
          "type": "image",
          "assetId": "SWuuj29LiIuH",
          "checksum": "6560d1108962e3de253c4990d36cf582"
        },
        {
          "type": "image",
          "assetId": "3fPG9fOHGO6n",
          "checksum": "ac1b763c781e02c64cbd57d57290c691"
        },
        {
          "type": "image",
          "assetId": "aFDOj2rq_Aw9",
          "checksum": "a23848588520ed318a2a49b67afc1f8c"
        },
        {
          "assetId": "t5hn1zAmdmxJoKmkXG4dPV",
          "type": "projectCss",
          "checksum": "dd1d1dcd8bd99ae85c79961f7fc1b484"
        }
      ],
      "codegenVersion": "0.0.1"
    },
    {
      "projectId": "vqeFwpZFQ6buChy6T9PGwQ",
      "version": "0.9.0",
      "dependencies": {},
      "lang": "ts",
      "fileLocks": [
        {
          "assetId": "vqeFwpZFQ6buChy6T9PGwQ",
          "type": "projectCss",
          "checksum": "e1ec850476829c38b0f9b6d4f7ac446a"
        }
      ],
      "codegenVersion": "0.0.1"
    },
    {
      "projectId": "q8iq2J191QypeBqVSHzb6M",
      "version": "0.6.0",
      "dependencies": {},
      "lang": "ts",
      "fileLocks": [
        {
          "assetId": "q8iq2J191QypeBqVSHzb6M",
          "type": "projectCss",
          "checksum": "e1ec850476829c38b0f9b6d4f7ac446a"
        }
      ],
      "codegenVersion": "0.0.1"
    },
    {
      "projectId": "caTPwKxj5ZrD9LQ7DMdK4Z",
      "version": "3.37.0",
      "dependencies": {},
      "lang": "ts",
      "fileLocks": [
        {
          "assetId": "caTPwKxj5ZrD9LQ7DMdK4Z",
          "type": "projectCss",
          "checksum": "e1ec850476829c38b0f9b6d4f7ac446a"
        }
      ],
      "codegenVersion": "0.0.1"
    }
  ],
  "cliVersion": "0.1.331"
}
